
Microsoft Visual Studio Solution File, Format Version 11.00
# Visual Studio 2010
Project("{FAE04EC0-301F-11D3-BF4B-00C04F79EFBC}") = "DatabaseLayer", "DatabaseLayer\DatabaseLayer.csproj", "{C4BC6A7B-1CCF-4C12-993A-45D8E482300B}"
EndProject
Project("{FAE04EC0-301F-11D3-BF4B-00C04F79EFBC}") = "SCRUMProjectManagementSystem", "SCRUMProjectManagementSystem\SCRUMProjectManagementSystem.csproj", "{FE32E882-1B3A-4B58-84FE-4C6EF2F6BAF8}"
EndProject
Project("{FAE04EC0-301F-11D3-BF4B-00C04F79EFBC}") = "ViewModel", "ViewModel\ViewModel.csproj", "{D7CAB32C-D2A2-409F-AFCB-3E844FB078A9}"
EndProject
Project("{F088123C-0E9E-452A-89E6-6BA2F21D5CAC}") = "DesignModels", "DesignModels\DesignModels.modelproj", "{9EB22965-3E7D-4DAF-9D69-C0CFD2205043}"
EndProject
Global
	GlobalSection(SolutionConfigurationPlatforms) = preSolution
		Debug|Any CPU = Debug|Any CPU
		Debug|Mixed Platforms = Debug|Mixed Platforms
		Debug|x86 = Debug|x86
		Release|Any CPU = Release|Any CPU
		Release|Mixed Platforms = Release|Mixed Platforms
		Release|x86 = Release|x86
	EndGlobalSection
	GlobalSection(ProjectConfigurationPlatforms) = postSolution
		{C4BC6A7B-1CCF-4C12-993A-45D8E482300B}.Debug|Any CPU.ActiveCfg = Debug|Any CPU
		{C4BC6A7B-1CCF-4C12-993A-45D8E482300B}.Debug|Any CPU.Build.0 = Debug|Any CPU
		{C4BC6A7B-1CCF-4C12-993A-45D8E482300B}.Debug|Mixed Platforms.ActiveCfg = Debug|Any CPU
		{C4BC6A7B-1CCF-4C12-993A-45D8E482300B}.Debug|Mixed Platforms.Build.0 = Debug|Any CPU
		{C4BC6A7B-1CCF-4C12-993A-45D8E482300B}.Debug|x86.ActiveCfg = Debug|Any CPU
		{C4BC6A7B-1CCF-4C12-993A-45D8E482300B}.Release|Any CPU.ActiveCfg = Release|Any CPU
		{C4BC6A7B-1CCF-4C12-993A-45D8E482300B}.Release|Any CPU.Build.0 = Release|Any CPU
		{C4BC6A7B-1CCF-4C12-993A-45D8E482300B}.Release|Mixed Platforms.ActiveCfg = Release|Any CPU
		{C4BC6A7B-1CCF-4C12-993A-45D8E482300B}.Release|Mixed Platforms.Build.0 = Release|Any CPU
		{C4BC6A7B-1CCF-4C12-993A-45D8E482300B}.Release|x86.ActiveCfg = Release|Any CPU
		{FE32E882-1B3A-4B58-84FE-4C6EF2F6BAF8}.Debug|Any CPU.ActiveCfg = Debug|x86
		{FE32E882-1B3A-4B58-84FE-4C6EF2F6BAF8}.Debug|Mixed Platforms.ActiveCfg = Debug|x86
		{FE32E882-1B3A-4B58-84FE-4C6EF2F6BAF8}.Debug|Mixed Platforms.Build.0 = Debug|x86
		{FE32E882-1B3A-4B58-84FE-4C6EF2F6BAF8}.Debug|x86.ActiveCfg = Debug|x86
		{FE32E882-1B3A-4B58-84FE-4C6EF2F6BAF8}.Debug|x86.Build.0 = Debug|x86
		{FE32E882-1B3A-4B58-84FE-4C6EF2F6BAF8}.Release|Any CPU.ActiveCfg = Release|x86
		{FE32E882-1B3A-4B58-84FE-4C6EF2F6BAF8}.Release|Mixed Platforms.ActiveCfg = Release|x86
		{FE32E882-1B3A-4B58-84FE-4C6EF2F6BAF8}.Release|Mixed Platforms.Build.0 = Release|x86
		{FE32E882-1B3A-4B58-84FE-4C6EF2F6BAF8}.Release|x86.ActiveCfg = Release|x86
		{FE32E882-1B3A-4B58-84FE-4C6EF2F6BAF8}.Release|x86.Build.0 = Release|x86
		{D7CAB32C-D2A2-409F-AFCB-3E844FB078A9}.Debug|Any CPU.ActiveCfg = Debug|Any CPU
		{D7CAB32C-D2A2-409F-AFCB-3E844FB078A9}.Debug|Any CPU.Build.0 = Debug|Any CPU
		{D7CAB32C-D2A2-409F-AFCB-3E844FB078A9}.Debug|Mixed Platforms.ActiveCfg = Debug|Any CPU
		{D7CAB32C-D2A2-409F-AFCB-3E844FB078A9}.Debug|Mixed Platforms.Build.0 = Debug|Any CPU
		{D7CAB32C-D2A2-409F-AFCB-3E844FB078A9}.Debug|x86.ActiveCfg = Debug|Any CPU
		{D7CAB32C-D2A2-409F-AFCB-3E844FB078A9}.Release|Any CPU.ActiveCfg = Release|Any CPU
		{D7CAB32C-D2A2-409F-AFCB-3E844FB078A9}.Release|Any CPU.Build.0 = Release|Any CPU
		{D7CAB32C-D2A2-409F-AFCB-3E844FB078A9}.Release|Mixed Platforms.ActiveCfg = Release|Any CPU
		{D7CAB32C-D2A2-409F-AFCB-3E844FB078A9}.Release|Mixed Platforms.Build.0 = Release|Any CPU
		{D7CAB32C-D2A2-409F-AFCB-3E844FB078A9}.Release|x86.ActiveCfg = Release|Any CPU
		{9EB22965-3E7D-4DAF-9D69-C0CFD2205043}.Debug|Any CPU.ActiveCfg = Debug|Any CPU
		{9EB22965-3E7D-4DAF-9D69-C0CFD2205043}.Debug|Any CPU.Build.0 = Debug|Any CPU
		{9EB22965-3E7D-4DAF-9D69-C0CFD2205043}.Debug|Mixed Platforms.ActiveCfg = Debug|Any CPU
		{9EB22965-3E7D-4DAF-9D69-C0CFD2205043}.Debug|Mixed Platforms.Build.0 = Debug|Any CPU
		{9EB22965-3E7D-4DAF-9D69-C0CFD2205043}.Debug|x86.ActiveCfg = Debug|Any CPU
		{9EB22965-3E7D-4DAF-9D69-C0CFD2205043}.Release|Any CPU.ActiveCfg = Release|Any CPU
		{9EB22965-3E7D-4DAF-9D69-C0CFD2205043}.Release|Any CPU.Build.0 = Release|Any CPU
		{9EB22965-3E7D-4DAF-9D69-C0CFD2205043}.Release|Mixed Platforms.ActiveCfg = Release|Any CPU
		{9EB22965-3E7D-4DAF-9D69-C0CFD2205043}.Release|Mixed Platforms.Build.0 = Release|Any CPU
		{9EB22965-3E7D-4DAF-9D69-C0CFD2205043}.Release|x86.ActiveCfg = Release|Any CPU
	EndGlobalSection
	GlobalSection(SolutionProperties) = preSolution
		HideSolutionNode = FALSE
	EndGlobalSection
EndGlobal
